
Microsoft Visual Studio Solution File, Format Version 12.00
Project("{FAE04EC0-301F-11D3-BF4B-00C04F79EFBC}") = "InventoryService.Presentation", "InventoryService.Presentation\InventoryService.Presentation.csproj", "{807F1102-CC90-4609-BE01-C506E6C8CD10}"
EndProject
Project("{FAE04EC0-301F-11D3-BF4B-00C04F79EFBC}") = "InventoryService.Application", "InventoryService.Application\InventoryService.Application.csproj", "{CEE474BE-8C01-49EA-AED4-8D3369ED64D6}"
EndProject
Project("{FAE04EC0-301F-11D3-BF4B-00C04F79EFBC}") = "InventoryService.Infrastructure", "InventoryService.Infrastructure\InventoryService.Infrastructure.csproj", "{39A1E854-0D3F-4958-8FB7-99BA2DB8D130}"
EndProject
Project("{FAE04EC0-301F-11D3-BF4B-00C04F79EFBC}") = "InventoryService.Domain", "InventoryService.Domain\InventoryService.Domain.csproj", "{CDE63F97-986E-46DF-8BAA-CFF0AF84AE6B}"
EndProject
Global
	GlobalSection(SolutionConfigurationPlatforms) = preSolution
		Debug|Any CPU = Debug|Any CPU
		Release|Any CPU = Release|Any CPU
	EndGlobalSection
	GlobalSection(ProjectConfigurationPlatforms) = postSolution
		{807F1102-CC90-4609-BE01-C506E6C8CD10}.Debug|Any CPU.ActiveCfg = Debug|Any CPU
		{807F1102-CC90-4609-BE01-C506E6C8CD10}.Debug|Any CPU.Build.0 = Debug|Any CPU
		{807F1102-CC90-4609-BE01-C506E6C8CD10}.Release|Any CPU.ActiveCfg = Release|Any CPU
		{807F1102-CC90-4609-BE01-C506E6C8CD10}.Release|Any CPU.Build.0 = Release|Any CPU
		{CEE474BE-8C01-49EA-AED4-8D3369ED64D6}.Debug|Any CPU.ActiveCfg = Debug|Any CPU
		{CEE474BE-8C01-49EA-AED4-8D3369ED64D6}.Debug|Any CPU.Build.0 = Debug|Any CPU
		{CEE474BE-8C01-49EA-AED4-8D3369ED64D6}.Release|Any CPU.ActiveCfg = Release|Any CPU
		{CEE474BE-8C01-49EA-AED4-8D3369ED64D6}.Release|Any CPU.Build.0 = Release|Any CPU
		{39A1E854-0D3F-4958-8FB7-99BA2DB8D130}.Debug|Any CPU.ActiveCfg = Debug|Any CPU
		{39A1E854-0D3F-4958-8FB7-99BA2DB8D130}.Debug|Any CPU.Build.0 = Debug|Any CPU
		{39A1E854-0D3F-4958-8FB7-99BA2DB8D130}.Release|Any CPU.ActiveCfg = Release|Any CPU
		{39A1E854-0D3F-4958-8FB7-99BA2DB8D130}.Release|Any CPU.Build.0 = Release|Any CPU
		{CDE63F97-986E-46DF-8BAA-CFF0AF84AE6B}.Debug|Any CPU.ActiveCfg = Debug|Any CPU
		{CDE63F97-986E-46DF-8BAA-CFF0AF84AE6B}.Debug|Any CPU.Build.0 = Debug|Any CPU
		{CDE63F97-986E-46DF-8BAA-CFF0AF84AE6B}.Release|Any CPU.ActiveCfg = Release|Any CPU
		{CDE63F97-986E-46DF-8BAA-CFF0AF84AE6B}.Release|Any CPU.Build.0 = Release|Any CPU
	EndGlobalSection
EndGlobal
