
Microsoft Visual Studio Solution File, Format Version 12.00
Project("{FAE04EC0-301F-11D3-BF4B-00C04F79EFBC}") = "MovementService.Presentation", "MovementService.Presentation\MovementService.Presentation.csproj", "{A7F2F8FC-319D-4924-98D7-499B22EA83D4}"
EndProject
Project("{FAE04EC0-301F-11D3-BF4B-00C04F79EFBC}") = "MovementService.Domain", "MovementService.Domain\MovementService.Domain.csproj", "{D859FEAD-F0BE-45E5-86A7-B2F9AB2FDBA8}"
EndProject
Project("{FAE04EC0-301F-11D3-BF4B-00C04F79EFBC}") = "MovementService.Infrastructure", "MovementService.Infrastructure\MovementService.Infrastructure.csproj", "{9A7BB5CE-53FA-4FFA-A8A7-C5CC9D0089BD}"
EndProject
Project("{FAE04EC0-301F-11D3-BF4B-00C04F79EFBC}") = "MovementService.Application", "MovementService.Application\MovementService.Application.csproj", "{991B381E-F1DB-4858-A792-FB35F56D0D1E}"
EndProject
Global
	GlobalSection(SolutionConfigurationPlatforms) = preSolution
		Debug|Any CPU = Debug|Any CPU
		Release|Any CPU = Release|Any CPU
	EndGlobalSection
	GlobalSection(ProjectConfigurationPlatforms) = postSolution
		{A7F2F8FC-319D-4924-98D7-499B22EA83D4}.Debug|Any CPU.ActiveCfg = Debug|Any CPU
		{A7F2F8FC-319D-4924-98D7-499B22EA83D4}.Debug|Any CPU.Build.0 = Debug|Any CPU
		{A7F2F8FC-319D-4924-98D7-499B22EA83D4}.Release|Any CPU.ActiveCfg = Release|Any CPU
		{A7F2F8FC-319D-4924-98D7-499B22EA83D4}.Release|Any CPU.Build.0 = Release|Any CPU
		{D859FEAD-F0BE-45E5-86A7-B2F9AB2FDBA8}.Debug|Any CPU.ActiveCfg = Debug|Any CPU
		{D859FEAD-F0BE-45E5-86A7-B2F9AB2FDBA8}.Debug|Any CPU.Build.0 = Debug|Any CPU
		{D859FEAD-F0BE-45E5-86A7-B2F9AB2FDBA8}.Release|Any CPU.ActiveCfg = Release|Any CPU
		{D859FEAD-F0BE-45E5-86A7-B2F9AB2FDBA8}.Release|Any CPU.Build.0 = Release|Any CPU
		{9A7BB5CE-53FA-4FFA-A8A7-C5CC9D0089BD}.Debug|Any CPU.ActiveCfg = Debug|Any CPU
		{9A7BB5CE-53FA-4FFA-A8A7-C5CC9D0089BD}.Debug|Any CPU.Build.0 = Debug|Any CPU
		{9A7BB5CE-53FA-4FFA-A8A7-C5CC9D0089BD}.Release|Any CPU.ActiveCfg = Release|Any CPU
		{9A7BB5CE-53FA-4FFA-A8A7-C5CC9D0089BD}.Release|Any CPU.Build.0 = Release|Any CPU
		{991B381E-F1DB-4858-A792-FB35F56D0D1E}.Debug|Any CPU.ActiveCfg = Debug|Any CPU
		{991B381E-F1DB-4858-A792-FB35F56D0D1E}.Debug|Any CPU.Build.0 = Debug|Any CPU
		{991B381E-F1DB-4858-A792-FB35F56D0D1E}.Release|Any CPU.ActiveCfg = Release|Any CPU
		{991B381E-F1DB-4858-A792-FB35F56D0D1E}.Release|Any CPU.Build.0 = Release|Any CPU
	EndGlobalSection
EndGlobal
